
Microsoft Visual Studio Solution File, Format Version 12.00
# Visual Studio Version 17
VisualStudioVersion = 17.4.33213.308
MinimumVisualStudioVersion = 10.0.40219.1
Project("{FAE04EC0-301F-11D3-BF4B-00C04F79EFBC}") = "Proyecto", "Proyecto\Proyecto.csproj", "{CF98748C-7062-4CD5-9D9B-DB43ADCED445}"
EndProject
Global
	GlobalSection(SolutionConfigurationPlatforms) = preSolution
		Debug|Any CPU = Debug|Any CPU
		Release|Any CPU = Release|Any CPU
	EndGlobalSection
	GlobalSection(ProjectConfigurationPlatforms) = postSolution
		{CF98748C-7062-4CD5-9D9B-DB43ADCED445}.Debug|Any CPU.ActiveCfg = Debug|Any CPU
		{CF98748C-7062-4CD5-9D9B-DB43ADCED445}.Debug|Any CPU.Build.0 = Debug|Any CPU
		{CF98748C-7062-4CD5-9D9B-DB43ADCED445}.Release|Any CPU.ActiveCfg = Release|Any CPU
		{CF98748C-7062-4CD5-9D9B-DB43ADCED445}.Release|Any CPU.Build.0 = Release|Any CPU
	EndGlobalSection
	GlobalSection(SolutionProperties) = preSolution
		HideSolutionNode = FALSE
	EndGlobalSection
	GlobalSection(ExtensibilityGlobals) = postSolution
		SolutionGuid = {3D9FD34C-6644-4AA6-9B9F-A2693A76F77C}
	EndGlobalSection
EndGlobal
